
Microsoft Visual Studio Solution File, Format Version 12.00
# Visual Studio 15
VisualStudioVersion = 15.0.28307.572
MinimumVisualStudioVersion = 10.0.40219.1
Project("{FAE04EC0-301F-11D3-BF4B-00C04F79EFBC}") = "Example1", "Example1\Example1.csproj", "{64622E54-68D2-4B26-A82B-593271DAF51B}"
EndProject
Global
	GlobalSection(SolutionConfigurationPlatforms) = preSolution
		Debug|Any CPU = Debug|Any CPU
		Release|Any CPU = Release|Any CPU
	EndGlobalSection
	GlobalSection(ProjectConfigurationPlatforms) = postSolution
		{64622E54-68D2-4B26-A82B-593271DAF51B}.Debug|Any CPU.ActiveCfg = Debug|Any CPU
		{64622E54-68D2-4B26-A82B-593271DAF51B}.Debug|Any CPU.Build.0 = Debug|Any CPU
		{64622E54-68D2-4B26-A82B-593271DAF51B}.Release|Any CPU.ActiveCfg = Release|Any CPU
		{64622E54-68D2-4B26-A82B-593271DAF51B}.Release|Any CPU.Build.0 = Release|Any CPU
	EndGlobalSection
	GlobalSection(SolutionProperties) = preSolution
		HideSolutionNode = FALSE
	EndGlobalSection
	GlobalSection(ExtensibilityGlobals) = postSolution
		SolutionGuid = {F4927AFF-AA21-46DD-9125-F038FB246732}
	EndGlobalSection
EndGlobal
